// !$*UTF8*$!
{
	archiveVersion = 1;
	classes = {
	};
	objectVersion = 46;
	objects = {

/* Begin PBXBuildFile section */
		317A6D0719D4534100EDAFF6 /* AppDelegate.swift in Sources */ = {isa = PBXBuildFile; fileRef = 317A6D0619D4534100EDAFF6 /* AppDelegate.swift */; };
		317A6D0919D4534100EDAFF6 /* ViewController.swift in Sources */ = {isa = PBXBuildFile; fileRef = 317A6D0819D4534100EDAFF6 /* ViewController.swift */; };
		317A6D0E19D4534100EDAFF6 /* Images.xcassets in Resources */ = {isa = PBXBuildFile; fileRef = 317A6D0D19D4534100EDAFF6 /* Images.xcassets */; };
		317A6D1D19D4534100EDAFF6 /* _________Tests.swift in Sources */ = {isa = PBXBuildFile; fileRef = 317A6D1C19D4534100EDAFF6 /* _________Tests.swift */; };
		317A6D2719D4543100EDAFF6 /* settings.plist in Resources */ = {isa = PBXBuildFile; fileRef = 317A6D2619D4543100EDAFF6 /* settings.plist */; };
		317A6D2919D4573500EDAFF6 /* Default-568h@2x.png in Resources */ = {isa = PBXBuildFile; fileRef = 317A6D2819D4573500EDAFF6 /* Default-568h@2x.png */; };
/* End PBXBuildFile section */

/* Begin PBXContainerItemProxy section */
		317A6D1719D4534100EDAFF6 /* PBXContainerItemProxy */ = {
			isa = PBXContainerItemProxy;
			containerPortal = 317A6CF919D4534100EDAFF6 /* Project object */;
			proxyType = 1;
			remoteGlobalIDString = 317A6D0019D4534100EDAFF6;
			remoteInfo = "静态单元格设置程序";
		};
/* End PBXContainerItemProxy section */

/* Begin PBXFileReference section */
		317A6D0119D4534100EDAFF6 /* 静态单元格设置程序.app */ = {isa = PBXFileReference; explicitFileType = wrapper.application; includeInIndex = 0; path = "静态单元格设置程序.app"; sourceTree = BUILT_PRODUCTS_DIR; };
		317A6D0519D4534100EDAFF6 /* Info.plist */ = {isa = PBXFileReference; lastKnownFileType = text.plist.xml; path = Info.plist; sourceTree = "<group>"; };
		317A6D0619D4534100EDAFF6 /* AppDelegate.swift */ = {isa = PBXFileReference; lastKnownFileType = sourcecode.swift; path = AppDelegate.swift; sourceTree = "<group>"; };
		317A6D0819D4534100EDAFF6 /* ViewController.swift */ = {isa = PBXFileReference; lastKnownFileType = sourcecode.swift; path = ViewController.swift; sourceTree = "<group>"; };
		317A6D0D19D4534100EDAFF6 /* Images.xcassets */ = {isa = PBXFileReference; lastKnownFileType = folder.assetcatalog; path = Images.xcassets; sourceTree = "<group>"; };
		317A6D1619D4534100EDAFF6 /* 静态单元格设置程序Tests.xctest */ = {isa = PBXFileReference; explicitFileType = wrapper.cfbundle; includeInIndex = 0; path = "静态单元格设置程序Tests.xctest"; sourceTree = BUILT_PRODUCTS_DIR; };
		317A6D1B19D4534100EDAFF6 /* Info.plist */ = {isa = PBXFileReference; lastKnownFileType = text.plist.xml; path = Info.plist; sourceTree = "<group>"; };
		317A6D1C19D4534100EDAFF6 /* _________Tests.swift */ = {isa = PBXFileReference; lastKnownFileType = sourcecode.swift; path = "_________Tests.swift"; sourceTree = "<group>"; };
		317A6D2619D4543100EDAFF6 /* settings.plist */ = {isa = PBXFileReference; fileEncoding = 4; lastKnownFileType = text.plist.xml; path = settings.plist; sourceTree = "<group>"; };
		317A6D2819D4573500EDAFF6 /* Default-568h@2x.png */ = {isa = PBXFileReference; lastKnownFileType = image.png; path = "Default-568h@2x.png"; sourceTree = "<group>"; };
/* End PBXFileReference section */

/* Begin PBXFrameworksBuildPhase section */
		317A6CFE19D4534100EDAFF6 /* Frameworks */ = {
			isa = PBXFrameworksBuildPhase;
			buildActionMask = 2147483647;
			files = (
			);
			runOnlyForDeploymentPostprocessing = 0;
		};
		317A6D1319D4534100EDAFF6 /* Frameworks */ = {
			isa = PBXFrameworksBuildPhase;
			buildActionMask = 2147483647;
			files = (
			);
			runOnlyForDeploymentPostprocessing = 0;
		};
/* End PBXFrameworksBuildPhase section */

/* Begin PBXGroup section */
		317A6CF819D4534100EDAFF6 = {
			isa = PBXGroup;
			children = (
				317A6D2819D4573500EDAFF6 /* Default-568h@2x.png */,
				317A6D0319D4534100EDAFF6 /* 静态单元格设置程序 */,
				317A6D1919D4534100EDAFF6 /* 静态单元格设置程序Tests */,
				317A6D0219D4534100EDAFF6 /* Products */,
			);
			sourceTree = "<group>";
		};
		317A6D0219D4534100EDAFF6 /* Products */ = {
			isa = PBXGroup;
			children = (
				317A6D0119D4534100EDAFF6 /* 静态单元格设置程序.app */,
				317A6D1619D4534100EDAFF6 /* 静态单元格设置程序Tests.xctest */,
			);
			name = Products;
			sourceTree = "<group>";
		};
		317A6D0319D4534100EDAFF6 /* 静态单元格设置程序 */ = {
			isa = PBXGroup;
			children = (
				317A6D0619D4534100EDAFF6 /* AppDelegate.swift */,
				317A6D0819D4534100EDAFF6 /* ViewController.swift */,
				317A6D2619D4543100EDAFF6 /* settings.plist */,
				317A6D0D19D4534100EDAFF6 /* Images.xcassets */,
				317A6D0419D4534100EDAFF6 /* Supporting Files */,
			);
			path = "静态单元格设置程序";
			sourceTree = "<group>";
		};
		317A6D0419D4534100EDAFF6 /* Supporting Files */ = {
			isa = PBXGroup;
			children = (
				317A6D0519D4534100EDAFF6 /* Info.plist */,
			);
			name = "Supporting Files";
			sourceTree = "<group>";
		};
		317A6D1919D4534100EDAFF6 /* 静态单元格设置程序Tests */ = {
			isa = PBXGroup;
			children = (
				317A6D1C19D4534100EDAFF6 /* _________Tests.swift */,
				317A6D1A19D4534100EDAFF6 /* Supporting Files */,
			);
			path = "静态单元格设置程序Tests";
			sourceTree = "<group>";
		};
		317A6D1A19D4534100EDAFF6 /* Supporting Files */ = {
			isa = PBXGroup;
			children = (
				317A6D1B19D4534100EDAFF6 /* Info.plist */,
			);
			name = "Supporting Files";
			sourceTree = "<group>";
		};
/* End PBXGroup section */

/* Begin PBXNativeTarget section */
		317A6D0019D4534100EDAFF6 /* 静态单元格设置程序 */ = {
			isa = PBXNativeTarget;
			buildConfigurationList = 317A6D2019D4534100EDAFF6 /* Build configuration list for PBXNativeTarget "静态单元格设置程序" */;
			buildPhases = (
				317A6CFD19D4534100EDAFF6 /* Sources */,
				317A6CFE19D4534100EDAFF6 /* Frameworks */,
				317A6CFF19D4534100EDAFF6 /* Resources */,
			);
			buildRules = (
			);
			dependencies = (
			);
			name = "静态单元格设置程序";
			productName = "静态单元格设置程序";
			productReference = 317A6D0119D4534100EDAFF6 /* 静态单元格设置程序.app */;
			productType = "com.apple.product-type.application";
		};
		317A6D1519D4534100EDAFF6 /* 静态单元格设置程序Tests */ = {
			isa = PBXNativeTarget;
			buildConfigurationList = 317A6D2319D4534100EDAFF6 /* Build configuration list for PBXNativeTarget "静态单元格设置程序Tests" */;
			buildPhases = (
				317A6D1219D4534100EDAFF6 /* Sources */,
				317A6D1319D4534100EDAFF6 /* Frameworks */,
				317A6D1419D4534100EDAFF6 /* Resources */,
			);
			buildRules = (
			);
			dependencies = (
				317A6D1819D4534100EDAFF6 /* PBXTargetDependency */,
			);
			name = "静态单元格设置程序Tests";
			productName = "静态单元格设置程序Tests";
			productReference = 317A6D1619D4534100EDAFF6 /* 静态单元格设置程序Tests.xctest */;
			productType = "com.apple.product-type.bundle.unit-test";
		};
/* End PBXNativeTarget section */

/* Begin PBXProject section */
		317A6CF919D4534100EDAFF6 /* Project object */ = {
			isa = PBXProject;
			attributes = {
				LastUpgradeCheck = 0610;
				ORGANIZATIONNAME = bingoogol;
				TargetAttributes = {
					317A6D0019D4534100EDAFF6 = {
						CreatedOnToolsVersion = 6.1;
					};
					317A6D1519D4534100EDAFF6 = {
						CreatedOnToolsVersion = 6.1;
						TestTargetID = 317A6D0019D4534100EDAFF6;
					};
				};
			};
			buildConfigurationList = 317A6CFC19D4534100EDAFF6 /* Build configuration list for PBXProject "静态单元格设置程序" */;
			compatibilityVersion = "Xcode 3.2";
			developmentRegion = English;
			hasScannedForEncodings = 0;
			knownRegions = (
				en,
				Base,
			);
			mainGroup = 317A6CF819D4534100EDAFF6;
			productRefGroup = 317A6D0219D4534100EDAFF6 /* Products */;
			projectDirPath = "";
			projectRoot = "";
			targets = (
				317A6D0019D4534100EDAFF6 /* 静态单元格设置程序 */,
				317A6D1519D4534100EDAFF6 /* 静态单元格设置程序Tests */,
			);
		};
/* End PBXProject section */

/* Begin PBXResourcesBuildPhase section */
		317A6CFF19D4534100EDAFF6 /* Resources */ = {
			isa = PBXResourcesBuildPhase;
			buildActionMask = 2147483647;
			files = (
				317A6D0E19D4534100EDAFF6 /* Images.xcassets in Resources */,
				317A6D2719D4543100EDAFF6 /* settings.plist in Resources */,
				317A6D2919D4573500EDAFF6 /* Default-568h@2x.png in Resources */,
			);
			runOnlyForDeploymentPostprocessing = 0;
		};
		317A6D1419D4534100EDAFF6 /* Resources */ = {
			isa = PBXResourcesBuildPhase;
			buildActionMask = 2147483647;
			files = (
			);
			runOnlyForDeploymentPostprocessing = 0;
		};
/* End PBXResourcesBuildPhase section */

/* Begin PBXSourcesBuildPhase section */
		317A6CFD19D4534100EDAFF6 /* Sources */ = {
			isa = PBXSourcesBuildPhase;
			buildActionMask = 2147483647;
			files = (
				317A6D0919D4534100EDAFF6 /* ViewController.swift in Sources */,
				317A6D0719D4534100EDAFF6 /* AppDelegate.swift in Sources */,
			);
			runOnlyForDeploymentPostprocessing = 0;
		};
		317A6D1219D4534100EDAFF6 /* Sources */ = {
			isa = PBXSourcesBuildPhase;
			buildActionMask = 2147483647;
			files = (
				317A6D1D19D4534100EDAFF6 /* _________Tests.swift in Sources */,
			);
			runOnlyForDeploymentPostprocessing = 0;
		};
/* End PBXSourcesBuildPhase section */

/* Begin PBXTargetDependency section */
		317A6D1819D4534100EDAFF6 /* PBXTargetDependency */ = {
			isa = PBXTargetDependency;
			target = 317A6D0019D4534100EDAFF6 /* 静态单元格设置程序 */;
			targetProxy = 317A6D1719D4534100EDAFF6 /* PBXContainerItemProxy */;
		};
/* End PBXTargetDependency section */

/* Begin XCBuildConfiguration section */
		317A6D1E19D4534100EDAFF6 /* Debug */ = {
			isa = XCBuildConfiguration;
			buildSettings = {
				ALWAYS_SEARCH_USER_PATHS = NO;
				CLANG_CXX_LANGUAGE_STANDARD = "gnu++0x";
				CLANG_CXX_LIBRARY = "libc++";
				CLANG_ENABLE_MODULES = YES;
				CLANG_ENABLE_OBJC_ARC = YES;
				CLANG_WARN_BOOL_CONVERSION = YES;
				CLANG_WARN_CONSTANT_CONVERSION = YES;
				CLANG_WARN_DIRECT_OBJC_ISA_USAGE = YES_ERROR;
				CLANG_WARN_EMPTY_BODY = YES;
				CLANG_WARN_ENUM_CONVERSION = YES;
				CLANG_WARN_INT_CONVERSION = YES;
				CLANG_WARN_OBJC_ROOT_CLASS = YES_ERROR;
				CLANG_WARN_UNREACHABLE_CODE = YES;
				CLANG_WARN__DUPLICATE_METHOD_MATCH = YES;
				"CODE_SIGN_IDENTITY[sdk=iphoneos*]" = "iPhone Developer";
				COPY_PHASE_STRIP = NO;
				ENABLE_STRICT_OBJC_MSGSEND = YES;
				GCC_C_LANGUAGE_STANDARD = gnu99;
				GCC_DYNAMIC_NO_PIC = NO;
				GCC_OPTIMIZATION_LEVEL = 0;
				GCC_PREPROCESSOR_DEFINITIONS = (
					"DEBUG=1",
					"$(inherited)",
				);
				GCC_SYMBOLS_PRIVATE_EXTERN = NO;
				GCC_WARN_64_TO_32_BIT_CONVERSION = YES;
				GCC_WARN_ABOUT_RETURN_TYPE = YES_ERROR;
				GCC_WARN_UNDECLARED_SELECTOR = YES;
				GCC_WARN_UNINITIALIZED_AUTOS = YES_AGGRESSIVE;
				GCC_WARN_UNUSED_FUNCTION = YES;
				GCC_WARN_UNUSED_VARIABLE = YES;
				IPHONEOS_DEPLOYMENT_TARGET = 8.0;
				MTL_ENABLE_DEBUG_INFO = YES;
				ONLY_ACTIVE_ARCH = YES;
				SDKROOT = iphoneos;
				SWIFT_OPTIMIZATION_LEVEL = "-Onone";
			};
			name = Debug;
		};
		317A6D1F19D4534100EDAFF6 /* Release */ = {
			isa = XCBuildConfiguration;
			buildSettings = {
				ALWAYS_SEARCH_USER_PATHS = NO;
				CLANG_CXX_LANGUAGE_STANDARD = "gnu++0x";
				CLANG_CXX_LIBRARY = "libc++";
				CLANG_ENABLE_MODULES = YES;
				CLANG_ENABLE_OBJC_ARC = YES;
				CLANG_WARN_BOOL_CONVERSION = YES;
				CLANG_WARN_CONSTANT_CONVERSION = YES;
				CLANG_WARN_DIRECT_OBJC_ISA_USAGE = YES_ERROR;
				CLANG_WARN_EMPTY_BODY = YES;
				CLANG_WARN_ENUM_CONVERSION = YES;
				CLANG_WARN_INT_CONVERSION = YES;
				CLANG_WARN_OBJC_ROOT_CLASS = YES_ERROR;
				CLANG_WARN_UNREACHABLE_CODE = YES;
				CLANG_WARN__DUPLICATE_METHOD_MATCH = YES;
				"CODE_SIGN_IDENTITY[sdk=iphoneos*]" = "iPhone Developer";
				COPY_PHASE_STRIP = YES;
				ENABLE_NS_ASSERTIONS = NO;
				ENABLE_STRICT_OBJC_MSGSEND = YES;
				GCC_C_LANGUAGE_STANDARD = gnu99;
				GCC_WARN_64_TO_32_BIT_CONVERSION = YES;
				GCC_WARN_ABOUT_RETURN_TYPE = YES_ERROR;
				GCC_WARN_UNDECLARED_SELECTOR = YES;
				GCC_WARN_UNINITIALIZED_AUTOS = YES_AGGRESSIVE;
				GCC_WARN_UNUSED_FUNCTION = YES;
				GCC_WARN_UNUSED_VARIABLE = YES;
				IPHONEOS_DEPLOYMENT_TARGET = 8.0;
				MTL_ENABLE_DEBUG_INFO = NO;
				SDKROOT = iphoneos;
				VALIDATE_PRODUCT = YES;
			};
			name = Release;
		};
		317A6D2119D4534100EDAFF6 /* Debug */ = {
			isa = XCBuildConfiguration;
			buildSettings = {
				ASSETCATALOG_COMPILER_APPICON_NAME = AppIcon;
				INFOPLIST_FILE = "静态单元格设置程序/Info.plist";
				LD_RUNPATH_SEARCH_PATHS = "$(inherited) @executable_path/Frameworks";
				PRODUCT_NAME = "$(TARGET_NAME)";
			};
			name = Debug;
		};
		317A6D2219D4534100EDAFF6 /* Release */ = {
			isa = XCBuildConfiguration;
			buildSettings = {
				ASSETCATALOG_COMPILER_APPICON_NAME = AppIcon;
				INFOPLIST_FILE = "静态单元格设置程序/Info.plist";
				LD_RUNPATH_SEARCH_PATHS = "$(inherited) @executable_path/Frameworks";
				PRODUCT_NAME = "$(TARGET_NAME)";
			};
			name = Release;
		};
		317A6D2419D4534100EDAFF6 /* Debug */ = {
			isa = XCBuildConfiguration;
			buildSettings = {
				BUNDLE_LOADER = "$(TEST_HOST)";
				FRAMEWORK_SEARCH_PATHS = (
					"$(SDKROOT)/Developer/Library/Frameworks",
					"$(inherited)",
				);
				GCC_PREPROCESSOR_DEFINITIONS = (
					"DEBUG=1",
					"$(inherited)",
				);
				INFOPLIST_FILE = "静态单元格设置程序Tests/Info.plist";
				LD_RUNPATH_SEARCH_PATHS = "$(inherited) @executable_path/Frameworks @loader_path/Frameworks";
				PRODUCT_NAME = "$(TARGET_NAME)";
				TEST_HOST = "$(BUILT_PRODUCTS_DIR)/静态单元格设置程序.app/静态单元格设置程序";
			};
			name = Debug;
		};
		317A6D2519D4534100EDAFF6 /* Release */ = {
			isa = XCBuildConfiguration;
			buildSettings = {
				BUNDLE_LOADER = "$(TEST_HOST)";
				FRAMEWORK_SEARCH_PATHS = (
					"$(SDKROOT)/Developer/Library/Frameworks",
					"$(inherited)",
				);
				INFOPLIST_FILE = "静态单元格设置程序Tests/Info.plist";
				LD_RUNPATH_SEARCH_PATHS = "$(inherited) @executable_path/Frameworks @loader_path/Frameworks";
				PRODUCT_NAME = "$(TARGET_NAME)";
				TEST_HOST = "$(BUILT_PRODUCTS_DIR)/静态单元格设置程序.app/静态单元格设置程序";
			};
			name = Release;
		};
/* End XCBuildConfiguration section */

/* Begin XCConfigurationList section */
		317A6CFC19D4534100EDAFF6 /* Build configuration list for PBXProject "静态单元格设置程序" */ = {
			isa = XCConfigurationList;
			buildConfigurations = (
				317A6D1E19D4534100EDAFF6 /* Debug */,
				317A6D1F19D4534100EDAFF6 /* Release */,
			);
			defaultConfigurationIsVisible = 0;
			defaultConfigurationName = Release;
		};
		317A6D2019D4534100EDAFF6 /* Build configuration list for PBXNativeTarget "静态单元格设置程序" */ = {
			isa = XCConfigurationList;
			buildConfigurations = (
				317A6D2119D4534100EDAFF6 /* Debug */,
				317A6D2219D4534100EDAFF6 /* Release */,
			);
			defaultConfigurationIsVisible = 0;
		};
		317A6D2319D4534100EDAFF6 /* Build configuration list for PBXNativeTarget "静态单元格设置程序Tests" */ = {
			isa = XCConfigurationList;
			buildConfigurations = (
				317A6D2419D4534100EDAFF6 /* Debug */,
				317A6D2519D4534100EDAFF6 /* Release */,
			);
			defaultConfigurationIsVisible = 0;
		};
/* End XCConfigurationList section */
	};
	rootObject = 317A6CF919D4534100EDAFF6 /* Project object */;
}
