// !$*UTF8*$!
{
	archiveVersion = 1;
	classes = {
	};
	objectVersion = 46;
	objects = {

/* Begin PBXBuildFile section */
		31F5058E19D6EF9700802974 /* AppDelegate.swift in Sources */ = {isa = PBXBuildFile; fileRef = 31F5058D19D6EF9700802974 /* AppDelegate.swift */; };
		31F5059019D6EF9700802974 /* ViewController.swift in Sources */ = {isa = PBXBuildFile; fileRef = 31F5058F19D6EF9700802974 /* ViewController.swift */; };
		31F5059519D6EF9700802974 /* Images.xcassets in Resources */ = {isa = PBXBuildFile; fileRef = 31F5059419D6EF9700802974 /* Images.xcassets */; };
		31F5059819D6EF9700802974 /* LaunchScreen.xib in Resources */ = {isa = PBXBuildFile; fileRef = 31F5059619D6EF9700802974 /* LaunchScreen.xib */; };
		31F505A419D6EF9700802974 /* _______Tests.swift in Sources */ = {isa = PBXBuildFile; fileRef = 31F505A319D6EF9700802974 /* _______Tests.swift */; };
/* End PBXBuildFile section */

/* Begin PBXContainerItemProxy section */
		31F5059E19D6EF9700802974 /* PBXContainerItemProxy */ = {
			isa = PBXContainerItemProxy;
			containerPortal = 31F5058019D6EF9700802974 /* Project object */;
			proxyType = 1;
			remoteGlobalIDString = 31F5058719D6EF9700802974;
			remoteInfo = "编辑模式-删除";
		};
/* End PBXContainerItemProxy section */

/* Begin PBXFileReference section */
		31F5058819D6EF9700802974 /* 编辑模式-删除.app */ = {isa = PBXFileReference; explicitFileType = wrapper.application; includeInIndex = 0; path = "编辑模式-删除.app"; sourceTree = BUILT_PRODUCTS_DIR; };
		31F5058C19D6EF9700802974 /* Info.plist */ = {isa = PBXFileReference; lastKnownFileType = text.plist.xml; path = Info.plist; sourceTree = "<group>"; };
		31F5058D19D6EF9700802974 /* AppDelegate.swift */ = {isa = PBXFileReference; lastKnownFileType = sourcecode.swift; path = AppDelegate.swift; sourceTree = "<group>"; };
		31F5058F19D6EF9700802974 /* ViewController.swift */ = {isa = PBXFileReference; lastKnownFileType = sourcecode.swift; path = ViewController.swift; sourceTree = "<group>"; };
		31F5059419D6EF9700802974 /* Images.xcassets */ = {isa = PBXFileReference; lastKnownFileType = folder.assetcatalog; path = Images.xcassets; sourceTree = "<group>"; };
		31F5059719D6EF9700802974 /* Base */ = {isa = PBXFileReference; lastKnownFileType = file.xib; name = Base; path = Base.lproj/LaunchScreen.xib; sourceTree = "<group>"; };
		31F5059D19D6EF9700802974 /* 编辑模式-删除Tests.xctest */ = {isa = PBXFileReference; explicitFileType = wrapper.cfbundle; includeInIndex = 0; path = "编辑模式-删除Tests.xctest"; sourceTree = BUILT_PRODUCTS_DIR; };
		31F505A219D6EF9700802974 /* Info.plist */ = {isa = PBXFileReference; lastKnownFileType = text.plist.xml; path = Info.plist; sourceTree = "<group>"; };
		31F505A319D6EF9700802974 /* _______Tests.swift */ = {isa = PBXFileReference; lastKnownFileType = sourcecode.swift; path = "_______Tests.swift"; sourceTree = "<group>"; };
/* End PBXFileReference section */

/* Begin PBXFrameworksBuildPhase section */
		31F5058519D6EF9700802974 /* Frameworks */ = {
			isa = PBXFrameworksBuildPhase;
			buildActionMask = 2147483647;
			files = (
			);
			runOnlyForDeploymentPostprocessing = 0;
		};
		31F5059A19D6EF9700802974 /* Frameworks */ = {
			isa = PBXFrameworksBuildPhase;
			buildActionMask = 2147483647;
			files = (
			);
			runOnlyForDeploymentPostprocessing = 0;
		};
/* End PBXFrameworksBuildPhase section */

/* Begin PBXGroup section */
		31F5057F19D6EF9700802974 = {
			isa = PBXGroup;
			children = (
				31F5058A19D6EF9700802974 /* 编辑模式-删除 */,
				31F505A019D6EF9700802974 /* 编辑模式-删除Tests */,
				31F5058919D6EF9700802974 /* Products */,
			);
			sourceTree = "<group>";
		};
		31F5058919D6EF9700802974 /* Products */ = {
			isa = PBXGroup;
			children = (
				31F5058819D6EF9700802974 /* 编辑模式-删除.app */,
				31F5059D19D6EF9700802974 /* 编辑模式-删除Tests.xctest */,
			);
			name = Products;
			sourceTree = "<group>";
		};
		31F5058A19D6EF9700802974 /* 编辑模式-删除 */ = {
			isa = PBXGroup;
			children = (
				31F5058D19D6EF9700802974 /* AppDelegate.swift */,
				31F5058F19D6EF9700802974 /* ViewController.swift */,
				31F5059419D6EF9700802974 /* Images.xcassets */,
				31F5059619D6EF9700802974 /* LaunchScreen.xib */,
				31F5058B19D6EF9700802974 /* Supporting Files */,
			);
			path = "编辑模式-删除";
			sourceTree = "<group>";
		};
		31F5058B19D6EF9700802974 /* Supporting Files */ = {
			isa = PBXGroup;
			children = (
				31F5058C19D6EF9700802974 /* Info.plist */,
			);
			name = "Supporting Files";
			sourceTree = "<group>";
		};
		31F505A019D6EF9700802974 /* 编辑模式-删除Tests */ = {
			isa = PBXGroup;
			children = (
				31F505A319D6EF9700802974 /* _______Tests.swift */,
				31F505A119D6EF9700802974 /* Supporting Files */,
			);
			path = "编辑模式-删除Tests";
			sourceTree = "<group>";
		};
		31F505A119D6EF9700802974 /* Supporting Files */ = {
			isa = PBXGroup;
			children = (
				31F505A219D6EF9700802974 /* Info.plist */,
			);
			name = "Supporting Files";
			sourceTree = "<group>";
		};
/* End PBXGroup section */

/* Begin PBXNativeTarget section */
		31F5058719D6EF9700802974 /* 编辑模式-删除 */ = {
			isa = PBXNativeTarget;
			buildConfigurationList = 31F505A719D6EF9700802974 /* Build configuration list for PBXNativeTarget "编辑模式-删除" */;
			buildPhases = (
				31F5058419D6EF9700802974 /* Sources */,
				31F5058519D6EF9700802974 /* Frameworks */,
				31F5058619D6EF9700802974 /* Resources */,
			);
			buildRules = (
			);
			dependencies = (
			);
			name = "编辑模式-删除";
			productName = "编辑模式-删除";
			productReference = 31F5058819D6EF9700802974 /* 编辑模式-删除.app */;
			productType = "com.apple.product-type.application";
		};
		31F5059C19D6EF9700802974 /* 编辑模式-删除Tests */ = {
			isa = PBXNativeTarget;
			buildConfigurationList = 31F505AA19D6EF9700802974 /* Build configuration list for PBXNativeTarget "编辑模式-删除Tests" */;
			buildPhases = (
				31F5059919D6EF9700802974 /* Sources */,
				31F5059A19D6EF9700802974 /* Frameworks */,
				31F5059B19D6EF9700802974 /* Resources */,
			);
			buildRules = (
			);
			dependencies = (
				31F5059F19D6EF9700802974 /* PBXTargetDependency */,
			);
			name = "编辑模式-删除Tests";
			productName = "编辑模式-删除Tests";
			productReference = 31F5059D19D6EF9700802974 /* 编辑模式-删除Tests.xctest */;
			productType = "com.apple.product-type.bundle.unit-test";
		};
/* End PBXNativeTarget section */

/* Begin PBXProject section */
		31F5058019D6EF9700802974 /* Project object */ = {
			isa = PBXProject;
			attributes = {
				LastUpgradeCheck = 0610;
				ORGANIZATIONNAME = bingoogol;
				TargetAttributes = {
					31F5058719D6EF9700802974 = {
						CreatedOnToolsVersion = 6.1;
					};
					31F5059C19D6EF9700802974 = {
						CreatedOnToolsVersion = 6.1;
						TestTargetID = 31F5058719D6EF9700802974;
					};
				};
			};
			buildConfigurationList = 31F5058319D6EF9700802974 /* Build configuration list for PBXProject "编辑模式-删除" */;
			compatibilityVersion = "Xcode 3.2";
			developmentRegion = English;
			hasScannedForEncodings = 0;
			knownRegions = (
				en,
				Base,
			);
			mainGroup = 31F5057F19D6EF9700802974;
			productRefGroup = 31F5058919D6EF9700802974 /* Products */;
			projectDirPath = "";
			projectRoot = "";
			targets = (
				31F5058719D6EF9700802974 /* 编辑模式-删除 */,
				31F5059C19D6EF9700802974 /* 编辑模式-删除Tests */,
			);
		};
/* End PBXProject section */

/* Begin PBXResourcesBuildPhase section */
		31F5058619D6EF9700802974 /* Resources */ = {
			isa = PBXResourcesBuildPhase;
			buildActionMask = 2147483647;
			files = (
				31F5059819D6EF9700802974 /* LaunchScreen.xib in Resources */,
				31F5059519D6EF9700802974 /* Images.xcassets in Resources */,
			);
			runOnlyForDeploymentPostprocessing = 0;
		};
		31F5059B19D6EF9700802974 /* Resources */ = {
			isa = PBXResourcesBuildPhase;
			buildActionMask = 2147483647;
			files = (
			);
			runOnlyForDeploymentPostprocessing = 0;
		};
/* End PBXResourcesBuildPhase section */

/* Begin PBXSourcesBuildPhase section */
		31F5058419D6EF9700802974 /* Sources */ = {
			isa = PBXSourcesBuildPhase;
			buildActionMask = 2147483647;
			files = (
				31F5059019D6EF9700802974 /* ViewController.swift in Sources */,
				31F5058E19D6EF9700802974 /* AppDelegate.swift in Sources */,
			);
			runOnlyForDeploymentPostprocessing = 0;
		};
		31F5059919D6EF9700802974 /* Sources */ = {
			isa = PBXSourcesBuildPhase;
			buildActionMask = 2147483647;
			files = (
				31F505A419D6EF9700802974 /* _______Tests.swift in Sources */,
			);
			runOnlyForDeploymentPostprocessing = 0;
		};
/* End PBXSourcesBuildPhase section */

/* Begin PBXTargetDependency section */
		31F5059F19D6EF9700802974 /* PBXTargetDependency */ = {
			isa = PBXTargetDependency;
			target = 31F5058719D6EF9700802974 /* 编辑模式-删除 */;
			targetProxy = 31F5059E19D6EF9700802974 /* PBXContainerItemProxy */;
		};
/* End PBXTargetDependency section */

/* Begin PBXVariantGroup section */
		31F5059619D6EF9700802974 /* LaunchScreen.xib */ = {
			isa = PBXVariantGroup;
			children = (
				31F5059719D6EF9700802974 /* Base */,
			);
			name = LaunchScreen.xib;
			sourceTree = "<group>";
		};
/* End PBXVariantGroup section */

/* Begin XCBuildConfiguration section */
		31F505A519D6EF9700802974 /* Debug */ = {
			isa = XCBuildConfiguration;
			buildSettings = {
				ALWAYS_SEARCH_USER_PATHS = NO;
				CLANG_CXX_LANGUAGE_STANDARD = "gnu++0x";
				CLANG_CXX_LIBRARY = "libc++";
				CLANG_ENABLE_MODULES = YES;
				CLANG_ENABLE_OBJC_ARC = YES;
				CLANG_WARN_BOOL_CONVERSION = YES;
				CLANG_WARN_CONSTANT_CONVERSION = YES;
				CLANG_WARN_DIRECT_OBJC_ISA_USAGE = YES_ERROR;
				CLANG_WARN_EMPTY_BODY = YES;
				CLANG_WARN_ENUM_CONVERSION = YES;
				CLANG_WARN_INT_CONVERSION = YES;
				CLANG_WARN_OBJC_ROOT_CLASS = YES_ERROR;
				CLANG_WARN_UNREACHABLE_CODE = YES;
				CLANG_WARN__DUPLICATE_METHOD_MATCH = YES;
				"CODE_SIGN_IDENTITY[sdk=iphoneos*]" = "iPhone Developer";
				COPY_PHASE_STRIP = NO;
				ENABLE_STRICT_OBJC_MSGSEND = YES;
				GCC_C_LANGUAGE_STANDARD = gnu99;
				GCC_DYNAMIC_NO_PIC = NO;
				GCC_OPTIMIZATION_LEVEL = 0;
				GCC_PREPROCESSOR_DEFINITIONS = (
					"DEBUG=1",
					"$(inherited)",
				);
				GCC_SYMBOLS_PRIVATE_EXTERN = NO;
				GCC_WARN_64_TO_32_BIT_CONVERSION = YES;
				GCC_WARN_ABOUT_RETURN_TYPE = YES_ERROR;
				GCC_WARN_UNDECLARED_SELECTOR = YES;
				GCC_WARN_UNINITIALIZED_AUTOS = YES_AGGRESSIVE;
				GCC_WARN_UNUSED_FUNCTION = YES;
				GCC_WARN_UNUSED_VARIABLE = YES;
				IPHONEOS_DEPLOYMENT_TARGET = 8.0;
				MTL_ENABLE_DEBUG_INFO = YES;
				ONLY_ACTIVE_ARCH = YES;
				SDKROOT = iphoneos;
				SWIFT_OPTIMIZATION_LEVEL = "-Onone";
			};
			name = Debug;
		};
		31F505A619D6EF9700802974 /* Release */ = {
			isa = XCBuildConfiguration;
			buildSettings = {
				ALWAYS_SEARCH_USER_PATHS = NO;
				CLANG_CXX_LANGUAGE_STANDARD = "gnu++0x";
				CLANG_CXX_LIBRARY = "libc++";
				CLANG_ENABLE_MODULES = YES;
				CLANG_ENABLE_OBJC_ARC = YES;
				CLANG_WARN_BOOL_CONVERSION = YES;
				CLANG_WARN_CONSTANT_CONVERSION = YES;
				CLANG_WARN_DIRECT_OBJC_ISA_USAGE = YES_ERROR;
				CLANG_WARN_EMPTY_BODY = YES;
				CLANG_WARN_ENUM_CONVERSION = YES;
				CLANG_WARN_INT_CONVERSION = YES;
				CLANG_WARN_OBJC_ROOT_CLASS = YES_ERROR;
				CLANG_WARN_UNREACHABLE_CODE = YES;
				CLANG_WARN__DUPLICATE_METHOD_MATCH = YES;
				"CODE_SIGN_IDENTITY[sdk=iphoneos*]" = "iPhone Developer";
				COPY_PHASE_STRIP = YES;
				ENABLE_NS_ASSERTIONS = NO;
				ENABLE_STRICT_OBJC_MSGSEND = YES;
				GCC_C_LANGUAGE_STANDARD = gnu99;
				GCC_WARN_64_TO_32_BIT_CONVERSION = YES;
				GCC_WARN_ABOUT_RETURN_TYPE = YES_ERROR;
				GCC_WARN_UNDECLARED_SELECTOR = YES;
				GCC_WARN_UNINITIALIZED_AUTOS = YES_AGGRESSIVE;
				GCC_WARN_UNUSED_FUNCTION = YES;
				GCC_WARN_UNUSED_VARIABLE = YES;
				IPHONEOS_DEPLOYMENT_TARGET = 8.0;
				MTL_ENABLE_DEBUG_INFO = NO;
				SDKROOT = iphoneos;
				VALIDATE_PRODUCT = YES;
			};
			name = Release;
		};
		31F505A819D6EF9700802974 /* Debug */ = {
			isa = XCBuildConfiguration;
			buildSettings = {
				ASSETCATALOG_COMPILER_APPICON_NAME = AppIcon;
				INFOPLIST_FILE = "编辑模式-删除/Info.plist";
				LD_RUNPATH_SEARCH_PATHS = "$(inherited) @executable_path/Frameworks";
				PRODUCT_NAME = "$(TARGET_NAME)";
			};
			name = Debug;
		};
		31F505A919D6EF9700802974 /* Release */ = {
			isa = XCBuildConfiguration;
			buildSettings = {
				ASSETCATALOG_COMPILER_APPICON_NAME = AppIcon;
				INFOPLIST_FILE = "编辑模式-删除/Info.plist";
				LD_RUNPATH_SEARCH_PATHS = "$(inherited) @executable_path/Frameworks";
				PRODUCT_NAME = "$(TARGET_NAME)";
			};
			name = Release;
		};
		31F505AB19D6EF9700802974 /* Debug */ = {
			isa = XCBuildConfiguration;
			buildSettings = {
				BUNDLE_LOADER = "$(TEST_HOST)";
				FRAMEWORK_SEARCH_PATHS = (
					"$(SDKROOT)/Developer/Library/Frameworks",
					"$(inherited)",
				);
				GCC_PREPROCESSOR_DEFINITIONS = (
					"DEBUG=1",
					"$(inherited)",
				);
				INFOPLIST_FILE = "编辑模式-删除Tests/Info.plist";
				LD_RUNPATH_SEARCH_PATHS = "$(inherited) @executable_path/Frameworks @loader_path/Frameworks";
				PRODUCT_NAME = "$(TARGET_NAME)";
				TEST_HOST = "$(BUILT_PRODUCTS_DIR)/编辑模式-删除.app/编辑模式-删除";
			};
			name = Debug;
		};
		31F505AC19D6EF9700802974 /* Release */ = {
			isa = XCBuildConfiguration;
			buildSettings = {
				BUNDLE_LOADER = "$(TEST_HOST)";
				FRAMEWORK_SEARCH_PATHS = (
					"$(SDKROOT)/Developer/Library/Frameworks",
					"$(inherited)",
				);
				INFOPLIST_FILE = "编辑模式-删除Tests/Info.plist";
				LD_RUNPATH_SEARCH_PATHS = "$(inherited) @executable_path/Frameworks @loader_path/Frameworks";
				PRODUCT_NAME = "$(TARGET_NAME)";
				TEST_HOST = "$(BUILT_PRODUCTS_DIR)/编辑模式-删除.app/编辑模式-删除";
			};
			name = Release;
		};
/* End XCBuildConfiguration section */

/* Begin XCConfigurationList section */
		31F5058319D6EF9700802974 /* Build configuration list for PBXProject "编辑模式-删除" */ = {
			isa = XCConfigurationList;
			buildConfigurations = (
				31F505A519D6EF9700802974 /* Debug */,
				31F505A619D6EF9700802974 /* Release */,
			);
			defaultConfigurationIsVisible = 0;
			defaultConfigurationName = Release;
		};
		31F505A719D6EF9700802974 /* Build configuration list for PBXNativeTarget "编辑模式-删除" */ = {
			isa = XCConfigurationList;
			buildConfigurations = (
				31F505A819D6EF9700802974 /* Debug */,
				31F505A919D6EF9700802974 /* Release */,
			);
			defaultConfigurationIsVisible = 0;
		};
		31F505AA19D6EF9700802974 /* Build configuration list for PBXNativeTarget "编辑模式-删除Tests" */ = {
			isa = XCConfigurationList;
			buildConfigurations = (
				31F505AB19D6EF9700802974 /* Debug */,
				31F505AC19D6EF9700802974 /* Release */,
			);
			defaultConfigurationIsVisible = 0;
		};
/* End XCConfigurationList section */
	};
	rootObject = 31F5058019D6EF9700802974 /* Project object */;
}
