// !$*UTF8*$!
{
	archiveVersion = 1;
	classes = {
	};
	objectVersion = 46;
	objects = {

/* Begin PBXBuildFile section */
		31DB0C8C19E26A4500D01A58 /* AppDelegate.swift in Sources */ = {isa = PBXBuildFile; fileRef = 31DB0C8B19E26A4500D01A58 /* AppDelegate.swift */; };
		31DB0C8E19E26A4500D01A58 /* ViewController.swift in Sources */ = {isa = PBXBuildFile; fileRef = 31DB0C8D19E26A4500D01A58 /* ViewController.swift */; };
		31DB0C9119E26A4500D01A58 /* Main.storyboard in Resources */ = {isa = PBXBuildFile; fileRef = 31DB0C8F19E26A4500D01A58 /* Main.storyboard */; };
		31DB0C9319E26A4500D01A58 /* Images.xcassets in Resources */ = {isa = PBXBuildFile; fileRef = 31DB0C9219E26A4500D01A58 /* Images.xcassets */; };
		31DB0C9619E26A4500D01A58 /* LaunchScreen.xib in Resources */ = {isa = PBXBuildFile; fileRef = 31DB0C9419E26A4500D01A58 /* LaunchScreen.xib */; };
		31DB0CA219E26A4500D01A58 /* TabNav____Tests.swift in Sources */ = {isa = PBXBuildFile; fileRef = 31DB0CA119E26A4500D01A58 /* TabNav____Tests.swift */; };
		31DB0CAC19E26D4000D01A58 /* ModelViewController.swift in Sources */ = {isa = PBXBuildFile; fileRef = 31DB0CAB19E26D4000D01A58 /* ModelViewController.swift */; };
/* End PBXBuildFile section */

/* Begin PBXContainerItemProxy section */
		31DB0C9C19E26A4500D01A58 /* PBXContainerItemProxy */ = {
			isa = PBXContainerItemProxy;
			containerPortal = 31DB0C7E19E26A4500D01A58 /* Project object */;
			proxyType = 1;
			remoteGlobalIDString = 31DB0C8519E26A4500D01A58;
			remoteInfo = "TabNav组合演练";
		};
/* End PBXContainerItemProxy section */

/* Begin PBXFileReference section */
		31DB0C8619E26A4500D01A58 /* TabNav组合演练.app */ = {isa = PBXFileReference; explicitFileType = wrapper.application; includeInIndex = 0; path = "TabNav组合演练.app"; sourceTree = BUILT_PRODUCTS_DIR; };
		31DB0C8A19E26A4500D01A58 /* Info.plist */ = {isa = PBXFileReference; lastKnownFileType = text.plist.xml; path = Info.plist; sourceTree = "<group>"; };
		31DB0C8B19E26A4500D01A58 /* AppDelegate.swift */ = {isa = PBXFileReference; lastKnownFileType = sourcecode.swift; path = AppDelegate.swift; sourceTree = "<group>"; };
		31DB0C8D19E26A4500D01A58 /* ViewController.swift */ = {isa = PBXFileReference; lastKnownFileType = sourcecode.swift; path = ViewController.swift; sourceTree = "<group>"; };
		31DB0C9019E26A4500D01A58 /* Base */ = {isa = PBXFileReference; lastKnownFileType = file.storyboard; name = Base; path = Base.lproj/Main.storyboard; sourceTree = "<group>"; };
		31DB0C9219E26A4500D01A58 /* Images.xcassets */ = {isa = PBXFileReference; lastKnownFileType = folder.assetcatalog; path = Images.xcassets; sourceTree = "<group>"; };
		31DB0C9519E26A4500D01A58 /* Base */ = {isa = PBXFileReference; lastKnownFileType = file.xib; name = Base; path = Base.lproj/LaunchScreen.xib; sourceTree = "<group>"; };
		31DB0C9B19E26A4500D01A58 /* TabNav组合演练Tests.xctest */ = {isa = PBXFileReference; explicitFileType = wrapper.cfbundle; includeInIndex = 0; path = "TabNav组合演练Tests.xctest"; sourceTree = BUILT_PRODUCTS_DIR; };
		31DB0CA019E26A4500D01A58 /* Info.plist */ = {isa = PBXFileReference; lastKnownFileType = text.plist.xml; path = Info.plist; sourceTree = "<group>"; };
		31DB0CA119E26A4500D01A58 /* TabNav____Tests.swift */ = {isa = PBXFileReference; lastKnownFileType = sourcecode.swift; path = "TabNav____Tests.swift"; sourceTree = "<group>"; };
		31DB0CAB19E26D4000D01A58 /* ModelViewController.swift */ = {isa = PBXFileReference; fileEncoding = 4; lastKnownFileType = sourcecode.swift; path = ModelViewController.swift; sourceTree = "<group>"; };
/* End PBXFileReference section */

/* Begin PBXFrameworksBuildPhase section */
		31DB0C8319E26A4500D01A58 /* Frameworks */ = {
			isa = PBXFrameworksBuildPhase;
			buildActionMask = 2147483647;
			files = (
			);
			runOnlyForDeploymentPostprocessing = 0;
		};
		31DB0C9819E26A4500D01A58 /* Frameworks */ = {
			isa = PBXFrameworksBuildPhase;
			buildActionMask = 2147483647;
			files = (
			);
			runOnlyForDeploymentPostprocessing = 0;
		};
/* End PBXFrameworksBuildPhase section */

/* Begin PBXGroup section */
		31DB0C7D19E26A4500D01A58 = {
			isa = PBXGroup;
			children = (
				31DB0C8819E26A4500D01A58 /* TabNav组合演练 */,
				31DB0C9E19E26A4500D01A58 /* TabNav组合演练Tests */,
				31DB0C8719E26A4500D01A58 /* Products */,
			);
			sourceTree = "<group>";
		};
		31DB0C8719E26A4500D01A58 /* Products */ = {
			isa = PBXGroup;
			children = (
				31DB0C8619E26A4500D01A58 /* TabNav组合演练.app */,
				31DB0C9B19E26A4500D01A58 /* TabNav组合演练Tests.xctest */,
			);
			name = Products;
			sourceTree = "<group>";
		};
		31DB0C8819E26A4500D01A58 /* TabNav组合演练 */ = {
			isa = PBXGroup;
			children = (
				31DB0C8B19E26A4500D01A58 /* AppDelegate.swift */,
				31DB0C8D19E26A4500D01A58 /* ViewController.swift */,
				31DB0CAB19E26D4000D01A58 /* ModelViewController.swift */,
				31DB0C8F19E26A4500D01A58 /* Main.storyboard */,
				31DB0C9219E26A4500D01A58 /* Images.xcassets */,
				31DB0C9419E26A4500D01A58 /* LaunchScreen.xib */,
				31DB0C8919E26A4500D01A58 /* Supporting Files */,
			);
			path = "TabNav组合演练";
			sourceTree = "<group>";
		};
		31DB0C8919E26A4500D01A58 /* Supporting Files */ = {
			isa = PBXGroup;
			children = (
				31DB0C8A19E26A4500D01A58 /* Info.plist */,
			);
			name = "Supporting Files";
			sourceTree = "<group>";
		};
		31DB0C9E19E26A4500D01A58 /* TabNav组合演练Tests */ = {
			isa = PBXGroup;
			children = (
				31DB0CA119E26A4500D01A58 /* TabNav____Tests.swift */,
				31DB0C9F19E26A4500D01A58 /* Supporting Files */,
			);
			path = "TabNav组合演练Tests";
			sourceTree = "<group>";
		};
		31DB0C9F19E26A4500D01A58 /* Supporting Files */ = {
			isa = PBXGroup;
			children = (
				31DB0CA019E26A4500D01A58 /* Info.plist */,
			);
			name = "Supporting Files";
			sourceTree = "<group>";
		};
/* End PBXGroup section */

/* Begin PBXNativeTarget section */
		31DB0C8519E26A4500D01A58 /* TabNav组合演练 */ = {
			isa = PBXNativeTarget;
			buildConfigurationList = 31DB0CA519E26A4500D01A58 /* Build configuration list for PBXNativeTarget "TabNav组合演练" */;
			buildPhases = (
				31DB0C8219E26A4500D01A58 /* Sources */,
				31DB0C8319E26A4500D01A58 /* Frameworks */,
				31DB0C8419E26A4500D01A58 /* Resources */,
			);
			buildRules = (
			);
			dependencies = (
			);
			name = "TabNav组合演练";
			productName = "TabNav组合演练";
			productReference = 31DB0C8619E26A4500D01A58 /* TabNav组合演练.app */;
			productType = "com.apple.product-type.application";
		};
		31DB0C9A19E26A4500D01A58 /* TabNav组合演练Tests */ = {
			isa = PBXNativeTarget;
			buildConfigurationList = 31DB0CA819E26A4500D01A58 /* Build configuration list for PBXNativeTarget "TabNav组合演练Tests" */;
			buildPhases = (
				31DB0C9719E26A4500D01A58 /* Sources */,
				31DB0C9819E26A4500D01A58 /* Frameworks */,
				31DB0C9919E26A4500D01A58 /* Resources */,
			);
			buildRules = (
			);
			dependencies = (
				31DB0C9D19E26A4500D01A58 /* PBXTargetDependency */,
			);
			name = "TabNav组合演练Tests";
			productName = "TabNav组合演练Tests";
			productReference = 31DB0C9B19E26A4500D01A58 /* TabNav组合演练Tests.xctest */;
			productType = "com.apple.product-type.bundle.unit-test";
		};
/* End PBXNativeTarget section */

/* Begin PBXProject section */
		31DB0C7E19E26A4500D01A58 /* Project object */ = {
			isa = PBXProject;
			attributes = {
				LastUpgradeCheck = 0610;
				ORGANIZATIONNAME = bingoogol;
				TargetAttributes = {
					31DB0C8519E26A4500D01A58 = {
						CreatedOnToolsVersion = 6.1;
					};
					31DB0C9A19E26A4500D01A58 = {
						CreatedOnToolsVersion = 6.1;
						TestTargetID = 31DB0C8519E26A4500D01A58;
					};
				};
			};
			buildConfigurationList = 31DB0C8119E26A4500D01A58 /* Build configuration list for PBXProject "TabNav组合演练" */;
			compatibilityVersion = "Xcode 3.2";
			developmentRegion = English;
			hasScannedForEncodings = 0;
			knownRegions = (
				en,
				Base,
			);
			mainGroup = 31DB0C7D19E26A4500D01A58;
			productRefGroup = 31DB0C8719E26A4500D01A58 /* Products */;
			projectDirPath = "";
			projectRoot = "";
			targets = (
				31DB0C8519E26A4500D01A58 /* TabNav组合演练 */,
				31DB0C9A19E26A4500D01A58 /* TabNav组合演练Tests */,
			);
		};
/* End PBXProject section */

/* Begin PBXResourcesBuildPhase section */
		31DB0C8419E26A4500D01A58 /* Resources */ = {
			isa = PBXResourcesBuildPhase;
			buildActionMask = 2147483647;
			files = (
				31DB0C9119E26A4500D01A58 /* Main.storyboard in Resources */,
				31DB0C9619E26A4500D01A58 /* LaunchScreen.xib in Resources */,
				31DB0C9319E26A4500D01A58 /* Images.xcassets in Resources */,
			);
			runOnlyForDeploymentPostprocessing = 0;
		};
		31DB0C9919E26A4500D01A58 /* Resources */ = {
			isa = PBXResourcesBuildPhase;
			buildActionMask = 2147483647;
			files = (
			);
			runOnlyForDeploymentPostprocessing = 0;
		};
/* End PBXResourcesBuildPhase section */

/* Begin PBXSourcesBuildPhase section */
		31DB0C8219E26A4500D01A58 /* Sources */ = {
			isa = PBXSourcesBuildPhase;
			buildActionMask = 2147483647;
			files = (
				31DB0C8E19E26A4500D01A58 /* ViewController.swift in Sources */,
				31DB0C8C19E26A4500D01A58 /* AppDelegate.swift in Sources */,
				31DB0CAC19E26D4000D01A58 /* ModelViewController.swift in Sources */,
			);
			runOnlyForDeploymentPostprocessing = 0;
		};
		31DB0C9719E26A4500D01A58 /* Sources */ = {
			isa = PBXSourcesBuildPhase;
			buildActionMask = 2147483647;
			files = (
				31DB0CA219E26A4500D01A58 /* TabNav____Tests.swift in Sources */,
			);
			runOnlyForDeploymentPostprocessing = 0;
		};
/* End PBXSourcesBuildPhase section */

/* Begin PBXTargetDependency section */
		31DB0C9D19E26A4500D01A58 /* PBXTargetDependency */ = {
			isa = PBXTargetDependency;
			target = 31DB0C8519E26A4500D01A58 /* TabNav组合演练 */;
			targetProxy = 31DB0C9C19E26A4500D01A58 /* PBXContainerItemProxy */;
		};
/* End PBXTargetDependency section */

/* Begin PBXVariantGroup section */
		31DB0C8F19E26A4500D01A58 /* Main.storyboard */ = {
			isa = PBXVariantGroup;
			children = (
				31DB0C9019E26A4500D01A58 /* Base */,
			);
			name = Main.storyboard;
			sourceTree = "<group>";
		};
		31DB0C9419E26A4500D01A58 /* LaunchScreen.xib */ = {
			isa = PBXVariantGroup;
			children = (
				31DB0C9519E26A4500D01A58 /* Base */,
			);
			name = LaunchScreen.xib;
			sourceTree = "<group>";
		};
/* End PBXVariantGroup section */

/* Begin XCBuildConfiguration section */
		31DB0CA319E26A4500D01A58 /* Debug */ = {
			isa = XCBuildConfiguration;
			buildSettings = {
				ALWAYS_SEARCH_USER_PATHS = NO;
				CLANG_CXX_LANGUAGE_STANDARD = "gnu++0x";
				CLANG_CXX_LIBRARY = "libc++";
				CLANG_ENABLE_MODULES = YES;
				CLANG_ENABLE_OBJC_ARC = YES;
				CLANG_WARN_BOOL_CONVERSION = YES;
				CLANG_WARN_CONSTANT_CONVERSION = YES;
				CLANG_WARN_DIRECT_OBJC_ISA_USAGE = YES_ERROR;
				CLANG_WARN_EMPTY_BODY = YES;
				CLANG_WARN_ENUM_CONVERSION = YES;
				CLANG_WARN_INT_CONVERSION = YES;
				CLANG_WARN_OBJC_ROOT_CLASS = YES_ERROR;
				CLANG_WARN_UNREACHABLE_CODE = YES;
				CLANG_WARN__DUPLICATE_METHOD_MATCH = YES;
				"CODE_SIGN_IDENTITY[sdk=iphoneos*]" = "iPhone Developer";
				COPY_PHASE_STRIP = NO;
				ENABLE_STRICT_OBJC_MSGSEND = YES;
				GCC_C_LANGUAGE_STANDARD = gnu99;
				GCC_DYNAMIC_NO_PIC = NO;
				GCC_OPTIMIZATION_LEVEL = 0;
				GCC_PREPROCESSOR_DEFINITIONS = (
					"DEBUG=1",
					"$(inherited)",
				);
				GCC_SYMBOLS_PRIVATE_EXTERN = NO;
				GCC_WARN_64_TO_32_BIT_CONVERSION = YES;
				GCC_WARN_ABOUT_RETURN_TYPE = YES_ERROR;
				GCC_WARN_UNDECLARED_SELECTOR = YES;
				GCC_WARN_UNINITIALIZED_AUTOS = YES_AGGRESSIVE;
				GCC_WARN_UNUSED_FUNCTION = YES;
				GCC_WARN_UNUSED_VARIABLE = YES;
				IPHONEOS_DEPLOYMENT_TARGET = 8.0;
				MTL_ENABLE_DEBUG_INFO = YES;
				ONLY_ACTIVE_ARCH = YES;
				SDKROOT = iphoneos;
				SWIFT_OPTIMIZATION_LEVEL = "-Onone";
			};
			name = Debug;
		};
		31DB0CA419E26A4500D01A58 /* Release */ = {
			isa = XCBuildConfiguration;
			buildSettings = {
				ALWAYS_SEARCH_USER_PATHS = NO;
				CLANG_CXX_LANGUAGE_STANDARD = "gnu++0x";
				CLANG_CXX_LIBRARY = "libc++";
				CLANG_ENABLE_MODULES = YES;
				CLANG_ENABLE_OBJC_ARC = YES;
				CLANG_WARN_BOOL_CONVERSION = YES;
				CLANG_WARN_CONSTANT_CONVERSION = YES;
				CLANG_WARN_DIRECT_OBJC_ISA_USAGE = YES_ERROR;
				CLANG_WARN_EMPTY_BODY = YES;
				CLANG_WARN_ENUM_CONVERSION = YES;
				CLANG_WARN_INT_CONVERSION = YES;
				CLANG_WARN_OBJC_ROOT_CLASS = YES_ERROR;
				CLANG_WARN_UNREACHABLE_CODE = YES;
				CLANG_WARN__DUPLICATE_METHOD_MATCH = YES;
				"CODE_SIGN_IDENTITY[sdk=iphoneos*]" = "iPhone Developer";
				COPY_PHASE_STRIP = YES;
				ENABLE_NS_ASSERTIONS = NO;
				ENABLE_STRICT_OBJC_MSGSEND = YES;
				GCC_C_LANGUAGE_STANDARD = gnu99;
				GCC_WARN_64_TO_32_BIT_CONVERSION = YES;
				GCC_WARN_ABOUT_RETURN_TYPE = YES_ERROR;
				GCC_WARN_UNDECLARED_SELECTOR = YES;
				GCC_WARN_UNINITIALIZED_AUTOS = YES_AGGRESSIVE;
				GCC_WARN_UNUSED_FUNCTION = YES;
				GCC_WARN_UNUSED_VARIABLE = YES;
				IPHONEOS_DEPLOYMENT_TARGET = 8.0;
				MTL_ENABLE_DEBUG_INFO = NO;
				SDKROOT = iphoneos;
				VALIDATE_PRODUCT = YES;
			};
			name = Release;
		};
		31DB0CA619E26A4500D01A58 /* Debug */ = {
			isa = XCBuildConfiguration;
			buildSettings = {
				ASSETCATALOG_COMPILER_APPICON_NAME = AppIcon;
				INFOPLIST_FILE = "TabNav组合演练/Info.plist";
				LD_RUNPATH_SEARCH_PATHS = "$(inherited) @executable_path/Frameworks";
				PRODUCT_NAME = "$(TARGET_NAME)";
			};
			name = Debug;
		};
		31DB0CA719E26A4500D01A58 /* Release */ = {
			isa = XCBuildConfiguration;
			buildSettings = {
				ASSETCATALOG_COMPILER_APPICON_NAME = AppIcon;
				INFOPLIST_FILE = "TabNav组合演练/Info.plist";
				LD_RUNPATH_SEARCH_PATHS = "$(inherited) @executable_path/Frameworks";
				PRODUCT_NAME = "$(TARGET_NAME)";
			};
			name = Release;
		};
		31DB0CA919E26A4500D01A58 /* Debug */ = {
			isa = XCBuildConfiguration;
			buildSettings = {
				BUNDLE_LOADER = "$(TEST_HOST)";
				FRAMEWORK_SEARCH_PATHS = (
					"$(SDKROOT)/Developer/Library/Frameworks",
					"$(inherited)",
				);
				GCC_PREPROCESSOR_DEFINITIONS = (
					"DEBUG=1",
					"$(inherited)",
				);
				INFOPLIST_FILE = "TabNav组合演练Tests/Info.plist";
				LD_RUNPATH_SEARCH_PATHS = "$(inherited) @executable_path/Frameworks @loader_path/Frameworks";
				PRODUCT_NAME = "$(TARGET_NAME)";
				TEST_HOST = "$(BUILT_PRODUCTS_DIR)/TabNav组合演练.app/TabNav组合演练";
			};
			name = Debug;
		};
		31DB0CAA19E26A4500D01A58 /* Release */ = {
			isa = XCBuildConfiguration;
			buildSettings = {
				BUNDLE_LOADER = "$(TEST_HOST)";
				FRAMEWORK_SEARCH_PATHS = (
					"$(SDKROOT)/Developer/Library/Frameworks",
					"$(inherited)",
				);
				INFOPLIST_FILE = "TabNav组合演练Tests/Info.plist";
				LD_RUNPATH_SEARCH_PATHS = "$(inherited) @executable_path/Frameworks @loader_path/Frameworks";
				PRODUCT_NAME = "$(TARGET_NAME)";
				TEST_HOST = "$(BUILT_PRODUCTS_DIR)/TabNav组合演练.app/TabNav组合演练";
			};
			name = Release;
		};
/* End XCBuildConfiguration section */

/* Begin XCConfigurationList section */
		31DB0C8119E26A4500D01A58 /* Build configuration list for PBXProject "TabNav组合演练" */ = {
			isa = XCConfigurationList;
			buildConfigurations = (
				31DB0CA319E26A4500D01A58 /* Debug */,
				31DB0CA419E26A4500D01A58 /* Release */,
			);
			defaultConfigurationIsVisible = 0;
			defaultConfigurationName = Release;
		};
		31DB0CA519E26A4500D01A58 /* Build configuration list for PBXNativeTarget "TabNav组合演练" */ = {
			isa = XCConfigurationList;
			buildConfigurations = (
				31DB0CA619E26A4500D01A58 /* Debug */,
				31DB0CA719E26A4500D01A58 /* Release */,
			);
			defaultConfigurationIsVisible = 0;
		};
		31DB0CA819E26A4500D01A58 /* Build configuration list for PBXNativeTarget "TabNav组合演练Tests" */ = {
			isa = XCConfigurationList;
			buildConfigurations = (
				31DB0CA919E26A4500D01A58 /* Debug */,
				31DB0CAA19E26A4500D01A58 /* Release */,
			);
			defaultConfigurationIsVisible = 0;
		};
/* End XCConfigurationList section */
	};
	rootObject = 31DB0C7E19E26A4500D01A58 /* Project object */;
}
